
Microsoft Visual Studio Solution File, Format Version 12.00
# Visual Studio 15
VisualStudioVersion = 15.0.28307.329
MinimumVisualStudioVersion = 10.0.40219.1
Project("{FAE04EC0-301F-11D3-BF4B-00C04F79EFBC}") = "MealPlanner.Web", "MealPlanner.Web\MealPlanner.Web.csproj", "{D51F1DBC-4A42-4460-BE46-FEA49510ED4D}"
EndProject
Project("{FAE04EC0-301F-11D3-BF4B-00C04F79EFBC}") = "MealPlanner.Domain", "MealPlanner.Domain\MealPlanner.Domain.csproj", "{42278EF5-D94C-4E82-BB38-374370D25115}"
EndProject
Project("{FAE04EC0-301F-11D3-BF4B-00C04F79EFBC}") = "MealPlanner.DTO", "MealPlanner.DTO\MealPlanner.DTO.csproj", "{DEE66487-8D6B-4A08-857C-367F80B82C6F}"
EndProject
Project("{FAE04EC0-301F-11D3-BF4B-00C04F79EFBC}") = "MealPlanner.Persistence", "MealPlanner.Persistence\MealPlanner.Persistence.csproj", "{40227B58-31E9-484B-8856-501FF88D2BE4}"
EndProject
Global
	GlobalSection(SolutionConfigurationPlatforms) = preSolution
		Debug|Any CPU = Debug|Any CPU
		Release|Any CPU = Release|Any CPU
	EndGlobalSection
	GlobalSection(ProjectConfigurationPlatforms) = postSolution
		{D51F1DBC-4A42-4460-BE46-FEA49510ED4D}.Debug|Any CPU.ActiveCfg = Debug|Any CPU
		{D51F1DBC-4A42-4460-BE46-FEA49510ED4D}.Debug|Any CPU.Build.0 = Debug|Any CPU
		{D51F1DBC-4A42-4460-BE46-FEA49510ED4D}.Release|Any CPU.ActiveCfg = Release|Any CPU
		{D51F1DBC-4A42-4460-BE46-FEA49510ED4D}.Release|Any CPU.Build.0 = Release|Any CPU
		{42278EF5-D94C-4E82-BB38-374370D25115}.Debug|Any CPU.ActiveCfg = Debug|Any CPU
		{42278EF5-D94C-4E82-BB38-374370D25115}.Debug|Any CPU.Build.0 = Debug|Any CPU
		{42278EF5-D94C-4E82-BB38-374370D25115}.Release|Any CPU.ActiveCfg = Release|Any CPU
		{42278EF5-D94C-4E82-BB38-374370D25115}.Release|Any CPU.Build.0 = Release|Any CPU
		{DEE66487-8D6B-4A08-857C-367F80B82C6F}.Debug|Any CPU.ActiveCfg = Debug|Any CPU
		{DEE66487-8D6B-4A08-857C-367F80B82C6F}.Debug|Any CPU.Build.0 = Debug|Any CPU
		{DEE66487-8D6B-4A08-857C-367F80B82C6F}.Release|Any CPU.ActiveCfg = Release|Any CPU
		{DEE66487-8D6B-4A08-857C-367F80B82C6F}.Release|Any CPU.Build.0 = Release|Any CPU
		{40227B58-31E9-484B-8856-501FF88D2BE4}.Debug|Any CPU.ActiveCfg = Debug|Any CPU
		{40227B58-31E9-484B-8856-501FF88D2BE4}.Debug|Any CPU.Build.0 = Debug|Any CPU
		{40227B58-31E9-484B-8856-501FF88D2BE4}.Release|Any CPU.ActiveCfg = Release|Any CPU
		{40227B58-31E9-484B-8856-501FF88D2BE4}.Release|Any CPU.Build.0 = Release|Any CPU
	EndGlobalSection
	GlobalSection(SolutionProperties) = preSolution
		HideSolutionNode = FALSE
	EndGlobalSection
	GlobalSection(ExtensibilityGlobals) = postSolution
		SolutionGuid = {BA9041F3-A939-430C-B056-4A5E8A99B6E1}
	EndGlobalSection
EndGlobal
